
Microsoft Visual Studio Solution File, Format Version 12.00
# Visual Studio Version 16
VisualStudioVersion = 16.0.31410.357
MinimumVisualStudioVersion = 10.0.40219.1
Project("{2150E333-8FDC-42A3-9474-1A3956D46DE8}") = "src", "src", "{BEAB9824-2BD6-466B-8932-3714B08F4CB2}"
EndProject
Project("{2150E333-8FDC-42A3-9474-1A3956D46DE8}") = "apis", "apis", "{88F3A8A4-6DA6-45AD-8F40-DAE191FD558D}"
EndProject
Project("{FAE04EC0-301F-11D3-BF4B-00C04F79EFBC}") = "Api.Order", "src\apis\Api.Order\Api.Order.csproj", "{E74C16A3-4884-4551-BD81-F92D126981B7}"
EndProject
Project("{FAE04EC0-301F-11D3-BF4B-00C04F79EFBC}") = "Api.Shipment", "src\apis\Api.Shipment\Api.Shipment.csproj", "{AF4CE9C3-F5EF-4F74-B76A-CF45AD1CEF4D}"
EndProject
Project("{FAE04EC0-301F-11D3-BF4B-00C04F79EFBC}") = "Api.Gateway", "src\apis\Api.Gateway\Api.Gateway.csproj", "{E591D4EC-F42E-490D-9980-342A295B26B1}"
EndProject
Project("{2150E333-8FDC-42A3-9474-1A3956D46DE8}") = "workers", "workers", "{603ECDD8-CBC8-4EDC-B4C1-3E6980C2F39B}"
EndProject
Project("{FAE04EC0-301F-11D3-BF4B-00C04F79EFBC}") = "Worker.Order", "src\workers\Worker.Order\Worker.Order.csproj", "{FCC8CE07-5EAA-4852-92C5-3AF590B0B301}"
EndProject
Project("{FAE04EC0-301F-11D3-BF4B-00C04F79EFBC}") = "Worker.Shipping", "src\workers\Worker.Shipping\Worker.Shipping.csproj", "{C6AFCAF1-93A3-40B5-8600-E619288E7D5C}"
EndProject
Project("{2150E333-8FDC-42A3-9474-1A3956D46DE8}") = "ui", "ui", "{E214C49F-658C-41F7-AB31-3021BFB722B4}"
EndProject
Project("{FAE04EC0-301F-11D3-BF4B-00C04F79EFBC}") = "Ui.WebAssembly", "src\ui\Ui.WebAssembly\Ui.WebAssembly.csproj", "{66D534C0-D4AC-474E-8867-6A4597F4D6D3}"
EndProject
Project("{2150E333-8FDC-42A3-9474-1A3956D46DE8}") = "common", "common", "{1FFF38FF-E371-4946-8226-C04483AE8BCA}"
EndProject
Project("{FAE04EC0-301F-11D3-BF4B-00C04F79EFBC}") = "Common", "src\common\Common\Common.csproj", "{D430D36F-F79A-4085-A738-9906AA78D31C}"
EndProject
Global
	GlobalSection(SolutionConfigurationPlatforms) = preSolution
		Debug|Any CPU = Debug|Any CPU
		Release|Any CPU = Release|Any CPU
	EndGlobalSection
	GlobalSection(ProjectConfigurationPlatforms) = postSolution
		{E74C16A3-4884-4551-BD81-F92D126981B7}.Debug|Any CPU.ActiveCfg = Debug|Any CPU
		{E74C16A3-4884-4551-BD81-F92D126981B7}.Debug|Any CPU.Build.0 = Debug|Any CPU
		{E74C16A3-4884-4551-BD81-F92D126981B7}.Release|Any CPU.ActiveCfg = Release|Any CPU
		{E74C16A3-4884-4551-BD81-F92D126981B7}.Release|Any CPU.Build.0 = Release|Any CPU
		{AF4CE9C3-F5EF-4F74-B76A-CF45AD1CEF4D}.Debug|Any CPU.ActiveCfg = Debug|Any CPU
		{AF4CE9C3-F5EF-4F74-B76A-CF45AD1CEF4D}.Debug|Any CPU.Build.0 = Debug|Any CPU
		{AF4CE9C3-F5EF-4F74-B76A-CF45AD1CEF4D}.Release|Any CPU.ActiveCfg = Release|Any CPU
		{AF4CE9C3-F5EF-4F74-B76A-CF45AD1CEF4D}.Release|Any CPU.Build.0 = Release|Any CPU
		{E591D4EC-F42E-490D-9980-342A295B26B1}.Debug|Any CPU.ActiveCfg = Debug|Any CPU
		{E591D4EC-F42E-490D-9980-342A295B26B1}.Debug|Any CPU.Build.0 = Debug|Any CPU
		{E591D4EC-F42E-490D-9980-342A295B26B1}.Release|Any CPU.ActiveCfg = Release|Any CPU
		{E591D4EC-F42E-490D-9980-342A295B26B1}.Release|Any CPU.Build.0 = Release|Any CPU
		{FCC8CE07-5EAA-4852-92C5-3AF590B0B301}.Debug|Any CPU.ActiveCfg = Debug|Any CPU
		{FCC8CE07-5EAA-4852-92C5-3AF590B0B301}.Debug|Any CPU.Build.0 = Debug|Any CPU
		{FCC8CE07-5EAA-4852-92C5-3AF590B0B301}.Release|Any CPU.ActiveCfg = Release|Any CPU
		{FCC8CE07-5EAA-4852-92C5-3AF590B0B301}.Release|Any CPU.Build.0 = Release|Any CPU
		{C6AFCAF1-93A3-40B5-8600-E619288E7D5C}.Debug|Any CPU.ActiveCfg = Debug|Any CPU
		{C6AFCAF1-93A3-40B5-8600-E619288E7D5C}.Debug|Any CPU.Build.0 = Debug|Any CPU
		{C6AFCAF1-93A3-40B5-8600-E619288E7D5C}.Release|Any CPU.ActiveCfg = Release|Any CPU
		{C6AFCAF1-93A3-40B5-8600-E619288E7D5C}.Release|Any CPU.Build.0 = Release|Any CPU
		{66D534C0-D4AC-474E-8867-6A4597F4D6D3}.Debug|Any CPU.ActiveCfg = Debug|Any CPU
		{66D534C0-D4AC-474E-8867-6A4597F4D6D3}.Debug|Any CPU.Build.0 = Debug|Any CPU
		{66D534C0-D4AC-474E-8867-6A4597F4D6D3}.Release|Any CPU.ActiveCfg = Release|Any CPU
		{66D534C0-D4AC-474E-8867-6A4597F4D6D3}.Release|Any CPU.Build.0 = Release|Any CPU
		{D430D36F-F79A-4085-A738-9906AA78D31C}.Debug|Any CPU.ActiveCfg = Debug|Any CPU
		{D430D36F-F79A-4085-A738-9906AA78D31C}.Debug|Any CPU.Build.0 = Debug|Any CPU
		{D430D36F-F79A-4085-A738-9906AA78D31C}.Release|Any CPU.ActiveCfg = Release|Any CPU
		{D430D36F-F79A-4085-A738-9906AA78D31C}.Release|Any CPU.Build.0 = Release|Any CPU
	EndGlobalSection
	GlobalSection(SolutionProperties) = preSolution
		HideSolutionNode = FALSE
	EndGlobalSection
	GlobalSection(NestedProjects) = preSolution
		{88F3A8A4-6DA6-45AD-8F40-DAE191FD558D} = {BEAB9824-2BD6-466B-8932-3714B08F4CB2}
		{E74C16A3-4884-4551-BD81-F92D126981B7} = {88F3A8A4-6DA6-45AD-8F40-DAE191FD558D}
		{AF4CE9C3-F5EF-4F74-B76A-CF45AD1CEF4D} = {88F3A8A4-6DA6-45AD-8F40-DAE191FD558D}
		{E591D4EC-F42E-490D-9980-342A295B26B1} = {88F3A8A4-6DA6-45AD-8F40-DAE191FD558D}
		{603ECDD8-CBC8-4EDC-B4C1-3E6980C2F39B} = {BEAB9824-2BD6-466B-8932-3714B08F4CB2}
		{FCC8CE07-5EAA-4852-92C5-3AF590B0B301} = {603ECDD8-CBC8-4EDC-B4C1-3E6980C2F39B}
		{C6AFCAF1-93A3-40B5-8600-E619288E7D5C} = {603ECDD8-CBC8-4EDC-B4C1-3E6980C2F39B}
		{E214C49F-658C-41F7-AB31-3021BFB722B4} = {BEAB9824-2BD6-466B-8932-3714B08F4CB2}
		{66D534C0-D4AC-474E-8867-6A4597F4D6D3} = {E214C49F-658C-41F7-AB31-3021BFB722B4}
		{1FFF38FF-E371-4946-8226-C04483AE8BCA} = {BEAB9824-2BD6-466B-8932-3714B08F4CB2}
		{D430D36F-F79A-4085-A738-9906AA78D31C} = {1FFF38FF-E371-4946-8226-C04483AE8BCA}
	EndGlobalSection
	GlobalSection(ExtensibilityGlobals) = postSolution
		SolutionGuid = {ED9F3D69-9F3C-487F-BEFF-C429F15514FD}
	EndGlobalSection
EndGlobal
